
Microsoft Visual Studio Solution File, Format Version 12.00
# Visual Studio Version 16
VisualStudioVersion = 16.0.30011.22
MinimumVisualStudioVersion = 10.0.40219.1
Project("{FAE04EC0-301F-11D3-BF4B-00C04F79EFBC}") = "AvaloniaWinButtonApp", "AvaloniaWinButtonApp\AvaloniaWinButtonApp.csproj", "{82FFDE28-581C-419E-88F2-DDE8B9FE4319}"
EndProject
Global
	GlobalSection(SolutionConfigurationPlatforms) = preSolution
		Debug|Any CPU = Debug|Any CPU
		Release|Any CPU = Release|Any CPU
	EndGlobalSection
	GlobalSection(ProjectConfigurationPlatforms) = postSolution
		{82FFDE28-581C-419E-88F2-DDE8B9FE4319}.Debug|Any CPU.ActiveCfg = Debug|Any CPU
		{82FFDE28-581C-419E-88F2-DDE8B9FE4319}.Debug|Any CPU.Build.0 = Debug|Any CPU
		{82FFDE28-581C-419E-88F2-DDE8B9FE4319}.Release|Any CPU.ActiveCfg = Release|Any CPU
		{82FFDE28-581C-419E-88F2-DDE8B9FE4319}.Release|Any CPU.Build.0 = Release|Any CPU
	EndGlobalSection
	GlobalSection(SolutionProperties) = preSolution
		HideSolutionNode = FALSE
	EndGlobalSection
	GlobalSection(ExtensibilityGlobals) = postSolution
		SolutionGuid = {B8C24718-000E-4C57-9F94-E280D4B4D73B}
	EndGlobalSection
EndGlobal
