
Microsoft Visual Studio Solution File, Format Version 12.00
# Visual Studio Version 16
VisualStudioVersion = 16.0.28803.352
MinimumVisualStudioVersion = 10.0.40219.1
Project("{9A19103F-16F7-4668-BE54-9A1E7A4F7556}") = "AvaloniaXmlLoadTest", "AvaloniaXmlLoadTest\AvaloniaXmlLoadTest.csproj", "{5FBBED05-7566-422E-8CD7-C1B35DDFB2B8}"
EndProject
Project("{9A19103F-16F7-4668-BE54-9A1E7A4F7556}") = "Avalonia.Controls.DataGrid", "Avalonia.Controls.DataGrid\Avalonia.Controls.DataGrid.csproj", "{34D84EBE-2D72-4150-AD64-5348FF807CFB}"
EndProject
Global
	GlobalSection(SolutionConfigurationPlatforms) = preSolution
		Debug|Any CPU = Debug|Any CPU
		Release|Any CPU = Release|Any CPU
	EndGlobalSection
	GlobalSection(ProjectConfigurationPlatforms) = postSolution
		{5FBBED05-7566-422E-8CD7-C1B35DDFB2B8}.Debug|Any CPU.ActiveCfg = Debug|Any CPU
		{5FBBED05-7566-422E-8CD7-C1B35DDFB2B8}.Debug|Any CPU.Build.0 = Debug|Any CPU
		{5FBBED05-7566-422E-8CD7-C1B35DDFB2B8}.Release|Any CPU.ActiveCfg = Release|Any CPU
		{5FBBED05-7566-422E-8CD7-C1B35DDFB2B8}.Release|Any CPU.Build.0 = Release|Any CPU
		{34D84EBE-2D72-4150-AD64-5348FF807CFB}.Debug|Any CPU.ActiveCfg = Debug|Any CPU
		{34D84EBE-2D72-4150-AD64-5348FF807CFB}.Debug|Any CPU.Build.0 = Debug|Any CPU
		{34D84EBE-2D72-4150-AD64-5348FF807CFB}.Release|Any CPU.ActiveCfg = Release|Any CPU
		{34D84EBE-2D72-4150-AD64-5348FF807CFB}.Release|Any CPU.Build.0 = Release|Any CPU
	EndGlobalSection
	GlobalSection(SolutionProperties) = preSolution
		HideSolutionNode = FALSE
	EndGlobalSection
	GlobalSection(ExtensibilityGlobals) = postSolution
		SolutionGuid = {9D10206F-F66D-42AD-BC77-047434296632}
	EndGlobalSection
EndGlobal
